<?xml version="1.0" encoding="utf-8"?>
<Project ToolsVersion="4.0" xmlns="http://schemas.microsoft.com/developer/msbuild/2003">
  <ItemGroup>
    <Filter Include="Source Files">
      <UniqueIdentifier>{4FC737F1-C7A5-4376-A066-2A32D752A2FF}</UniqueIdentifier>
      <Extensions>cpp;c;cc;cxx;c++;cppm;ixx;def;odl;idl;hpj;bat;asm;asmx</Extensions>
    </Filter>
    <Filter Include="Header Files">
      <UniqueIdentifier>{93995380-89BD-4b04-88EB-625FBE52EBFB}</UniqueIdentifier>
      <Extensions>h;hh;hpp;hxx;h++;hm;inl;inc;ipp;xsd</Extensions>
    </Filter>
    <Filter Include="Resource Files">
      <UniqueIdentifier>{67DA6AB6-F800-4c08-8B7A-83BB121AAD01}</UniqueIdentifier>
      <Extensions>rc;ico;cur;bmp;dlg;rc2;rct;bin;rgs;gif;jpg;jpeg;jpe;resx;tiff;tif;png;wav;mfcribbon-ms</Extensions>
    </Filter>
  </ItemGroup>
  <ItemGroup>
    <ClCompile Include="Source.cpp">
      <Filter>Source Files</Filter>
    </ClCompile>
    <ClCompile Include="CShop.cpp">
      <Filter>Source Files</Filter>
    </ClCompile>
    <ClCompile Include="CClient.cpp">
      <Filter>Source Files</Filter>
    </ClCompile>
    <ClCompile Include="CResurse.cpp">
      <Filter>Source Files</Filter>
    </ClCompile>
    <ClCompile Include="ACaracter.cpp">
      <Filter>Source Files</Filter>
    </ClCompile>
    <ClCompile Include="CCavalerie.cpp">
      <Filter>Source Files</Filter>
    </ClCompile>
    <ClCompile Include="CMedic.cpp">
      <Filter>Source Files</Filter>
    </ClCompile>
    <ClCompile Include="CMuncitor.cpp">
      <Filter>Source Files</Filter>
    </ClCompile>
    <ClCompile Include="CSoldat.cpp">
      <Filter>Source Files</Filter>
    </ClCompile>
    <ClCompile Include="ICaracter.cpp">
      <Filter>Source Files</Filter>
    </ClCompile>
    <ClCompile Include="ICladire.cpp">
      <Filter>Source Files</Filter>
    </ClCompile>
    <ClCompile Include="ACladire.cpp">
      <Filter>Source Files</Filter>
    </ClCompile>
    <ClCompile Include="CScoalaMilitar.cpp">
      <Filter>Source Files</Filter>
    </ClCompile>
    <ClCompile Include="CScoalaMedici.cpp">
      <Filter>Source Files</Filter>
    </ClCompile>
    <ClCompile Include="IException.cpp">
      <Filter>Source Files</Filter>
    </ClCompile>
    <ClCompile Include="CException.cpp">
      <Filter>Source Files</Filter>
    </ClCompile>
  </ItemGroup>
  <ItemGroup>
    <ClInclude Include="CShop.h">
      <Filter>Header Files</Filter>
    </ClInclude>
    <ClInclude Include="CClient.h">
      <Filter>Header Files</Filter>
    </ClInclude>
    <ClInclude Include="CResurse.h">
      <Filter>Header Files</Filter>
    </ClInclude>
    <ClInclude Include="ACaracter.h">
      <Filter>Header Files</Filter>
    </ClInclude>
    <ClInclude Include="CCavalerie.h">
      <Filter>Header Files</Filter>
    </ClInclude>
    <ClInclude Include="CMedic.h">
      <Filter>Header Files</Filter>
    </ClInclude>
    <ClInclude Include="CMuncitor.h">
      <Filter>Header Files</Filter>
    </ClInclude>
    <ClInclude Include="CSoldat.h">
      <Filter>Header Files</Filter>
    </ClInclude>
    <ClInclude Include="ICaracter.h">
      <Filter>Header Files</Filter>
    </ClInclude>
    <ClInclude Include="ICladire.h">
      <Filter>Header Files</Filter>
    </ClInclude>
    <ClInclude Include="ACladire.h">
      <Filter>Header Files</Filter>
    </ClInclude>
    <ClInclude Include="CScoalaMilitar.h">
      <Filter>Header Files</Filter>
    </ClInclude>
    <ClInclude Include="CScoalaMedici.h">
      <Filter>Header Files</Filter>
    </ClInclude>
    <ClInclude Include="IException.h">
      <Filter>Header Files</Filter>
    </ClInclude>
    <ClInclude Include="CException.h">
      <Filter>Header Files</Filter>
    </ClInclude>
  </ItemGroup>
  <ItemGroup>
    <None Include="ClassDiagram.cd" />
    <None Include="ClassDiagram1.cd" />
  </ItemGroup>
</Project>